{
  "name": "cyclonedx-dotnet-generate",
  "version": "0.0.0",
  "lockfileVersion": 2,
  "requires": true,
  "packages": {
    "": {
      "name": "cyclonedx-dotnet-generate",
      "version": "0.0.0",
      "dependencies": {
        "@actions/core": "1.2.6"
      },
      "devDependencies": {}
    },
    "node_modules/@actions/core": {
      "version": "1.2.6",
      "resolved": "https://devolutions.jfrog.io/devolutions/api/npm/npm/@actions/core/-/core-1.2.6.tgz",
      "integrity": "sha1-p41J9BpN7xjojOR8LKxhXVaUvwk=",
      "license": "MIT"
    }
  },
  "dependencies": {
    "@actions/core": {
      "version": "1.2.6",
      "resolved": "https://devolutions.jfrog.io/devolutions/api/npm/npm/@actions/core/-/core-1.2.6.tgz",
      "integrity": "sha1-p41J9BpN7xjojOR8LKxhXVaUvwk="
    }
  }
}
